
Microsoft Visual Studio Solution File, Format Version 12.00
# Visual Studio Version 16
VisualStudioVersion = 16.0.30523.141
MinimumVisualStudioVersion = 10.0.40219.1
Project("{FAE04EC0-301F-11D3-BF4B-00C04F79EFBC}") = "lab1t1", "lab1t1.csproj", "{C690B46A-06C8-44D8-9BAD-5664FD512235}"
EndProject
Global
	GlobalSection(SolutionConfigurationPlatforms) = preSolution
		Debug|Any CPU = Debug|Any CPU
		Release|Any CPU = Release|Any CPU
	EndGlobalSection
	GlobalSection(ProjectConfigurationPlatforms) = postSolution
		{C690B46A-06C8-44D8-9BAD-5664FD512235}.Debug|Any CPU.ActiveCfg = Debug|Any CPU
		{C690B46A-06C8-44D8-9BAD-5664FD512235}.Debug|Any CPU.Build.0 = Debug|Any CPU
		{C690B46A-06C8-44D8-9BAD-5664FD512235}.Release|Any CPU.ActiveCfg = Release|Any CPU
		{C690B46A-06C8-44D8-9BAD-5664FD512235}.Release|Any CPU.Build.0 = Release|Any CPU
	EndGlobalSection
	GlobalSection(SolutionProperties) = preSolution
		HideSolutionNode = FALSE
	EndGlobalSection
	GlobalSection(ExtensibilityGlobals) = postSolution
		SolutionGuid = {64E80136-5907-4C47-B625-669AD42A1654}
	EndGlobalSection
EndGlobal
